
Microsoft Visual Studio Solution File, Format Version 12.00
# Visual Studio Version 16
VisualStudioVersion = 16.0.29306.81
MinimumVisualStudioVersion = 10.0.40219.1
Project("{9A19103F-16F7-4668-BE54-9A1E7A4F7556}") = "Master", "Back\Master\Master.csproj", "{8D194F03-37D1-45D4-A236-38A55ACCF3EE}"
EndProject
Project("{9A19103F-16F7-4668-BE54-9A1E7A4F7556}") = "Integration", "Back\Integration\Integration.csproj", "{D0EB7197-A151-4242-B634-D310E12CC903}"
EndProject
Project("{9A19103F-16F7-4668-BE54-9A1E7A4F7556}") = "UnitTesting", "Back\UnitTesting\UnitTesting.csproj", "{D524FC14-FF1C-4853-957E-B758DD79E4B5}"
EndProject
Project("{2150E333-8FDC-42A3-9474-1A3956D46DE8}") = "Tests", "Tests", "{F9F59221-A371-4A94-8697-2E4CAEBB1E62}"
EndProject
Project("{2150E333-8FDC-42A3-9474-1A3956D46DE8}") = "App", "App", "{AC8DB5EF-DFE8-4FA2-AB70-3855D88BC05F}"
EndProject
Project("{9A19103F-16F7-4668-BE54-9A1E7A4F7556}") = "MasterV2", "Back\MasterV2\MasterV2.csproj", "{777E875A-7B15-4B14-8738-7CF0CB0E5F6E}"
EndProject
Global
	GlobalSection(SolutionConfigurationPlatforms) = preSolution
		Debug|Any CPU = Debug|Any CPU
		Develop|Any CPU = Develop|Any CPU
		Homolog|Any CPU = Homolog|Any CPU
		QA|Any CPU = QA|Any CPU
		Release|Any CPU = Release|Any CPU
	EndGlobalSection
	GlobalSection(ProjectConfigurationPlatforms) = postSolution
		{8D194F03-37D1-45D4-A236-38A55ACCF3EE}.Debug|Any CPU.ActiveCfg = Debug|Any CPU
		{8D194F03-37D1-45D4-A236-38A55ACCF3EE}.Debug|Any CPU.Build.0 = Debug|Any CPU
		{8D194F03-37D1-45D4-A236-38A55ACCF3EE}.Develop|Any CPU.ActiveCfg = Develop|Any CPU
		{8D194F03-37D1-45D4-A236-38A55ACCF3EE}.Develop|Any CPU.Build.0 = Develop|Any CPU
		{8D194F03-37D1-45D4-A236-38A55ACCF3EE}.Homolog|Any CPU.ActiveCfg = Homolog|Any CPU
		{8D194F03-37D1-45D4-A236-38A55ACCF3EE}.Homolog|Any CPU.Build.0 = Homolog|Any CPU
		{8D194F03-37D1-45D4-A236-38A55ACCF3EE}.QA|Any CPU.ActiveCfg = QA|Any CPU
		{8D194F03-37D1-45D4-A236-38A55ACCF3EE}.QA|Any CPU.Build.0 = QA|Any CPU
		{8D194F03-37D1-45D4-A236-38A55ACCF3EE}.Release|Any CPU.ActiveCfg = Release|Any CPU
		{8D194F03-37D1-45D4-A236-38A55ACCF3EE}.Release|Any CPU.Build.0 = Release|Any CPU
		{D0EB7197-A151-4242-B634-D310E12CC903}.Debug|Any CPU.ActiveCfg = Debug|Any CPU
		{D0EB7197-A151-4242-B634-D310E12CC903}.Debug|Any CPU.Build.0 = Debug|Any CPU
		{D0EB7197-A151-4242-B634-D310E12CC903}.Develop|Any CPU.ActiveCfg = Debug|Any CPU
		{D0EB7197-A151-4242-B634-D310E12CC903}.Develop|Any CPU.Build.0 = Debug|Any CPU
		{D0EB7197-A151-4242-B634-D310E12CC903}.Homolog|Any CPU.ActiveCfg = Release|Any CPU
		{D0EB7197-A151-4242-B634-D310E12CC903}.Homolog|Any CPU.Build.0 = Release|Any CPU
		{D0EB7197-A151-4242-B634-D310E12CC903}.QA|Any CPU.ActiveCfg = Release|Any CPU
		{D0EB7197-A151-4242-B634-D310E12CC903}.QA|Any CPU.Build.0 = Release|Any CPU
		{D0EB7197-A151-4242-B634-D310E12CC903}.Release|Any CPU.ActiveCfg = Release|Any CPU
		{D0EB7197-A151-4242-B634-D310E12CC903}.Release|Any CPU.Build.0 = Release|Any CPU
		{D524FC14-FF1C-4853-957E-B758DD79E4B5}.Debug|Any CPU.ActiveCfg = Debug|Any CPU
		{D524FC14-FF1C-4853-957E-B758DD79E4B5}.Debug|Any CPU.Build.0 = Debug|Any CPU
		{D524FC14-FF1C-4853-957E-B758DD79E4B5}.Develop|Any CPU.ActiveCfg = Debug|Any CPU
		{D524FC14-FF1C-4853-957E-B758DD79E4B5}.Develop|Any CPU.Build.0 = Debug|Any CPU
		{D524FC14-FF1C-4853-957E-B758DD79E4B5}.Homolog|Any CPU.ActiveCfg = Release|Any CPU
		{D524FC14-FF1C-4853-957E-B758DD79E4B5}.Homolog|Any CPU.Build.0 = Release|Any CPU
		{D524FC14-FF1C-4853-957E-B758DD79E4B5}.QA|Any CPU.ActiveCfg = Release|Any CPU
		{D524FC14-FF1C-4853-957E-B758DD79E4B5}.QA|Any CPU.Build.0 = Release|Any CPU
		{D524FC14-FF1C-4853-957E-B758DD79E4B5}.Release|Any CPU.ActiveCfg = Release|Any CPU
		{D524FC14-FF1C-4853-957E-B758DD79E4B5}.Release|Any CPU.Build.0 = Release|Any CPU
		{777E875A-7B15-4B14-8738-7CF0CB0E5F6E}.Debug|Any CPU.ActiveCfg = Debug|Any CPU
		{777E875A-7B15-4B14-8738-7CF0CB0E5F6E}.Debug|Any CPU.Build.0 = Debug|Any CPU
		{777E875A-7B15-4B14-8738-7CF0CB0E5F6E}.Develop|Any CPU.ActiveCfg = Debug|Any CPU
		{777E875A-7B15-4B14-8738-7CF0CB0E5F6E}.Develop|Any CPU.Build.0 = Debug|Any CPU
		{777E875A-7B15-4B14-8738-7CF0CB0E5F6E}.Homolog|Any CPU.ActiveCfg = Debug|Any CPU
		{777E875A-7B15-4B14-8738-7CF0CB0E5F6E}.Homolog|Any CPU.Build.0 = Debug|Any CPU
		{777E875A-7B15-4B14-8738-7CF0CB0E5F6E}.QA|Any CPU.ActiveCfg = Debug|Any CPU
		{777E875A-7B15-4B14-8738-7CF0CB0E5F6E}.QA|Any CPU.Build.0 = Debug|Any CPU
		{777E875A-7B15-4B14-8738-7CF0CB0E5F6E}.Release|Any CPU.ActiveCfg = Release|Any CPU
		{777E875A-7B15-4B14-8738-7CF0CB0E5F6E}.Release|Any CPU.Build.0 = Release|Any CPU
	EndGlobalSection
	GlobalSection(SolutionProperties) = preSolution
		HideSolutionNode = FALSE
	EndGlobalSection
	GlobalSection(NestedProjects) = preSolution
		{8D194F03-37D1-45D4-A236-38A55ACCF3EE} = {AC8DB5EF-DFE8-4FA2-AB70-3855D88BC05F}
		{D0EB7197-A151-4242-B634-D310E12CC903} = {F9F59221-A371-4A94-8697-2E4CAEBB1E62}
		{D524FC14-FF1C-4853-957E-B758DD79E4B5} = {F9F59221-A371-4A94-8697-2E4CAEBB1E62}
		{777E875A-7B15-4B14-8738-7CF0CB0E5F6E} = {AC8DB5EF-DFE8-4FA2-AB70-3855D88BC05F}
	EndGlobalSection
	GlobalSection(ExtensibilityGlobals) = postSolution
		SolutionGuid = {63C64673-54BD-4A01-948D-020730022032}
	EndGlobalSection
EndGlobal
